// !$*UTF8*$!
{
	archiveVersion = 1;
	classes = {
	};
	objectVersion = 46;
	objects = {

/* Begin PBXBuildFile section */
		047699D91C31042800D796B3 /* main.m in Sources */ = {isa = PBXBuildFile; fileRef = 047699D81C31042800D796B3 /* main.m */; };
		047699DC1C31042800D796B3 /* AppDelegate.m in Sources */ = {isa = PBXBuildFile; fileRef = 047699DB1C31042800D796B3 /* AppDelegate.m */; };
		047699DF1C31042800D796B3 /* ViewController.m in Sources */ = {isa = PBXBuildFile; fileRef = 047699DE1C31042800D796B3 /* ViewController.m */; };
		047699E21C31042800D796B3 /* Main.storyboard in Resources */ = {isa = PBXBuildFile; fileRef = 047699E01C31042800D796B3 /* Main.storyboard */; };
		047699E41C31042800D796B3 /* Assets.xcassets in Resources */ = {isa = PBXBuildFile; fileRef = 047699E31C31042800D796B3 /* Assets.xcassets */; };
		047699E71C31042800D796B3 /* LaunchScreen.storyboard in Resources */ = {isa = PBXBuildFile; fileRef = 047699E51C31042800D796B3 /* LaunchScreen.storyboard */; };
		047699F21C31042800D796B3 /* ZLSegmentControllerTests.m in Sources */ = {isa = PBXBuildFile; fileRef = 047699F11C31042800D796B3 /* ZLSegmentControllerTests.m */; };
		047699FD1C31042800D796B3 /* ZLSegmentControllerUITests.m in Sources */ = {isa = PBXBuildFile; fileRef = 047699FC1C31042800D796B3 /* ZLSegmentControllerUITests.m */; };
		04769A0D1C31048E00D796B3 /* ZLSegment.m in Sources */ = {isa = PBXBuildFile; fileRef = 04769A0C1C31048E00D796B3 /* ZLSegment.m */; };
/* End PBXBuildFile section */

/* Begin PBXContainerItemProxy section */
		047699EE1C31042800D796B3 /* PBXContainerItemProxy */ = {
			isa = PBXContainerItemProxy;
			containerPortal = 047699CC1C31042800D796B3 /* Project object */;
			proxyType = 1;
			remoteGlobalIDString = 047699D31C31042800D796B3;
			remoteInfo = ZLSegmentController;
		};
		047699F91C31042800D796B3 /* PBXContainerItemProxy */ = {
			isa = PBXContainerItemProxy;
			containerPortal = 047699CC1C31042800D796B3 /* Project object */;
			proxyType = 1;
			remoteGlobalIDString = 047699D31C31042800D796B3;
			remoteInfo = ZLSegmentController;
		};
/* End PBXContainerItemProxy section */

/* Begin PBXFileReference section */
		047699D41C31042800D796B3 /* ZLSegmentController.app */ = {isa = PBXFileReference; explicitFileType = wrapper.application; includeInIndex = 0; path = ZLSegmentController.app; sourceTree = BUILT_PRODUCTS_DIR; };
		047699D81C31042800D796B3 /* main.m */ = {isa = PBXFileReference; lastKnownFileType = sourcecode.c.objc; path = main.m; sourceTree = "<group>"; };
		047699DA1C31042800D796B3 /* AppDelegate.h */ = {isa = PBXFileReference; lastKnownFileType = sourcecode.c.h; path = AppDelegate.h; sourceTree = "<group>"; };
		047699DB1C31042800D796B3 /* AppDelegate.m */ = {isa = PBXFileReference; lastKnownFileType = sourcecode.c.objc; path = AppDelegate.m; sourceTree = "<group>"; };
		047699DD1C31042800D796B3 /* ViewController.h */ = {isa = PBXFileReference; lastKnownFileType = sourcecode.c.h; path = ViewController.h; sourceTree = "<group>"; };
		047699DE1C31042800D796B3 /* ViewController.m */ = {isa = PBXFileReference; lastKnownFileType = sourcecode.c.objc; path = ViewController.m; sourceTree = "<group>"; };
		047699E11C31042800D796B3 /* Base */ = {isa = PBXFileReference; lastKnownFileType = file.storyboard; name = Base; path = Base.lproj/Main.storyboard; sourceTree = "<group>"; };
		047699E31C31042800D796B3 /* Assets.xcassets */ = {isa = PBXFileReference; lastKnownFileType = folder.assetcatalog; path = Assets.xcassets; sourceTree = "<group>"; };
		047699E61C31042800D796B3 /* Base */ = {isa = PBXFileReference; lastKnownFileType = file.storyboard; name = Base; path = Base.lproj/LaunchScreen.storyboard; sourceTree = "<group>"; };
		047699E81C31042800D796B3 /* Info.plist */ = {isa = PBXFileReference; lastKnownFileType = text.plist.xml; path = Info.plist; sourceTree = "<group>"; };
		047699ED1C31042800D796B3 /* ZLSegmentControllerTests.xctest */ = {isa = PBXFileReference; explicitFileType = wrapper.cfbundle; includeInIndex = 0; path = ZLSegmentControllerTests.xctest; sourceTree = BUILT_PRODUCTS_DIR; };
		047699F11C31042800D796B3 /* ZLSegmentControllerTests.m */ = {isa = PBXFileReference; lastKnownFileType = sourcecode.c.objc; path = ZLSegmentControllerTests.m; sourceTree = "<group>"; };
		047699F31C31042800D796B3 /* Info.plist */ = {isa = PBXFileReference; lastKnownFileType = text.plist.xml; path = Info.plist; sourceTree = "<group>"; };
		047699F81C31042800D796B3 /* ZLSegmentControllerUITests.xctest */ = {isa = PBXFileReference; explicitFileType = wrapper.cfbundle; includeInIndex = 0; path = ZLSegmentControllerUITests.xctest; sourceTree = BUILT_PRODUCTS_DIR; };
		047699FC1C31042800D796B3 /* ZLSegmentControllerUITests.m */ = {isa = PBXFileReference; lastKnownFileType = sourcecode.c.objc; path = ZLSegmentControllerUITests.m; sourceTree = "<group>"; };
		047699FE1C31042800D796B3 /* Info.plist */ = {isa = PBXFileReference; lastKnownFileType = text.plist.xml; path = Info.plist; sourceTree = "<group>"; };
		04769A0B1C31048E00D796B3 /* ZLSegment.h */ = {isa = PBXFileReference; fileEncoding = 4; lastKnownFileType = sourcecode.c.h; name = ZLSegment.h; path = ZLSegment/ZLSegment.h; sourceTree = "<group>"; };
		04769A0C1C31048E00D796B3 /* ZLSegment.m */ = {isa = PBXFileReference; fileEncoding = 4; lastKnownFileType = sourcecode.c.objc; name = ZLSegment.m; path = ZLSegment/ZLSegment.m; sourceTree = "<group>"; };
/* End PBXFileReference section */

/* Begin PBXFrameworksBuildPhase section */
		047699D11C31042800D796B3 /* Frameworks */ = {
			isa = PBXFrameworksBuildPhase;
			buildActionMask = 2147483647;
			files = (
			);
			runOnlyForDeploymentPostprocessing = 0;
		};
		047699EA1C31042800D796B3 /* Frameworks */ = {
			isa = PBXFrameworksBuildPhase;
			buildActionMask = 2147483647;
			files = (
			);
			runOnlyForDeploymentPostprocessing = 0;
		};
		047699F51C31042800D796B3 /* Frameworks */ = {
			isa = PBXFrameworksBuildPhase;
			buildActionMask = 2147483647;
			files = (
			);
			runOnlyForDeploymentPostprocessing = 0;
		};
/* End PBXFrameworksBuildPhase section */

/* Begin PBXGroup section */
		047699CB1C31042800D796B3 = {
			isa = PBXGroup;
			children = (
				047699D61C31042800D796B3 /* ZLSegmentController */,
				047699F01C31042800D796B3 /* ZLSegmentControllerTests */,
				047699FB1C31042800D796B3 /* ZLSegmentControllerUITests */,
				047699D51C31042800D796B3 /* Products */,
			);
			sourceTree = "<group>";
		};
		047699D51C31042800D796B3 /* Products */ = {
			isa = PBXGroup;
			children = (
				047699D41C31042800D796B3 /* ZLSegmentController.app */,
				047699ED1C31042800D796B3 /* ZLSegmentControllerTests.xctest */,
				047699F81C31042800D796B3 /* ZLSegmentControllerUITests.xctest */,
			);
			name = Products;
			sourceTree = "<group>";
		};
		047699D61C31042800D796B3 /* ZLSegmentController */ = {
			isa = PBXGroup;
			children = (
				04769A0A1C31043B00D796B3 /* ZLSegment */,
				047699DA1C31042800D796B3 /* AppDelegate.h */,
				047699DB1C31042800D796B3 /* AppDelegate.m */,
				047699DD1C31042800D796B3 /* ViewController.h */,
				047699DE1C31042800D796B3 /* ViewController.m */,
				047699E01C31042800D796B3 /* Main.storyboard */,
				047699E31C31042800D796B3 /* Assets.xcassets */,
				047699E51C31042800D796B3 /* LaunchScreen.storyboard */,
				047699E81C31042800D796B3 /* Info.plist */,
				047699D71C31042800D796B3 /* Supporting Files */,
			);
			path = ZLSegmentController;
			sourceTree = "<group>";
		};
		047699D71C31042800D796B3 /* Supporting Files */ = {
			isa = PBXGroup;
			children = (
				047699D81C31042800D796B3 /* main.m */,
			);
			name = "Supporting Files";
			sourceTree = "<group>";
		};
		047699F01C31042800D796B3 /* ZLSegmentControllerTests */ = {
			isa = PBXGroup;
			children = (
				047699F11C31042800D796B3 /* ZLSegmentControllerTests.m */,
				047699F31C31042800D796B3 /* Info.plist */,
			);
			path = ZLSegmentControllerTests;
			sourceTree = "<group>";
		};
		047699FB1C31042800D796B3 /* ZLSegmentControllerUITests */ = {
			isa = PBXGroup;
			children = (
				047699FC1C31042800D796B3 /* ZLSegmentControllerUITests.m */,
				047699FE1C31042800D796B3 /* Info.plist */,
			);
			path = ZLSegmentControllerUITests;
			sourceTree = "<group>";
		};
		04769A0A1C31043B00D796B3 /* ZLSegment */ = {
			isa = PBXGroup;
			children = (
				04769A0B1C31048E00D796B3 /* ZLSegment.h */,
				04769A0C1C31048E00D796B3 /* ZLSegment.m */,
			);
			name = ZLSegment;
			sourceTree = "<group>";
		};
/* End PBXGroup section */

/* Begin PBXNativeTarget section */
		047699D31C31042800D796B3 /* ZLSegmentController */ = {
			isa = PBXNativeTarget;
			buildConfigurationList = 04769A011C31042800D796B3 /* Build configuration list for PBXNativeTarget "ZLSegmentController" */;
			buildPhases = (
				047699D01C31042800D796B3 /* Sources */,
				047699D11C31042800D796B3 /* Frameworks */,
				047699D21C31042800D796B3 /* Resources */,
			);
			buildRules = (
			);
			dependencies = (
			);
			name = ZLSegmentController;
			productName = ZLSegmentController;
			productReference = 047699D41C31042800D796B3 /* ZLSegmentController.app */;
			productType = "com.apple.product-type.application";
		};
		047699EC1C31042800D796B3 /* ZLSegmentControllerTests */ = {
			isa = PBXNativeTarget;
			buildConfigurationList = 04769A041C31042800D796B3 /* Build configuration list for PBXNativeTarget "ZLSegmentControllerTests" */;
			buildPhases = (
				047699E91C31042800D796B3 /* Sources */,
				047699EA1C31042800D796B3 /* Frameworks */,
				047699EB1C31042800D796B3 /* Resources */,
			);
			buildRules = (
			);
			dependencies = (
				047699EF1C31042800D796B3 /* PBXTargetDependency */,
			);
			name = ZLSegmentControllerTests;
			productName = ZLSegmentControllerTests;
			productReference = 047699ED1C31042800D796B3 /* ZLSegmentControllerTests.xctest */;
			productType = "com.apple.product-type.bundle.unit-test";
		};
		047699F71C31042800D796B3 /* ZLSegmentControllerUITests */ = {
			isa = PBXNativeTarget;
			buildConfigurationList = 04769A071C31042800D796B3 /* Build configuration list for PBXNativeTarget "ZLSegmentControllerUITests" */;
			buildPhases = (
				047699F41C31042800D796B3 /* Sources */,
				047699F51C31042800D796B3 /* Frameworks */,
				047699F61C31042800D796B3 /* Resources */,
			);
			buildRules = (
			);
			dependencies = (
				047699FA1C31042800D796B3 /* PBXTargetDependency */,
			);
			name = ZLSegmentControllerUITests;
			productName = ZLSegmentControllerUITests;
			productReference = 047699F81C31042800D796B3 /* ZLSegmentControllerUITests.xctest */;
			productType = "com.apple.product-type.bundle.ui-testing";
		};
/* End PBXNativeTarget section */

/* Begin PBXProject section */
		047699CC1C31042800D796B3 /* Project object */ = {
			isa = PBXProject;
			attributes = {
				LastUpgradeCheck = 0720;
				ORGANIZATIONNAME = zhanglei;
				TargetAttributes = {
					047699D31C31042800D796B3 = {
						CreatedOnToolsVersion = 7.2;
					};
					047699EC1C31042800D796B3 = {
						CreatedOnToolsVersion = 7.2;
						TestTargetID = 047699D31C31042800D796B3;
					};
					047699F71C31042800D796B3 = {
						CreatedOnToolsVersion = 7.2;
						TestTargetID = 047699D31C31042800D796B3;
					};
				};
			};
			buildConfigurationList = 047699CF1C31042800D796B3 /* Build configuration list for PBXProject "ZLSegmentController" */;
			compatibilityVersion = "Xcode 3.2";
			developmentRegion = English;
			hasScannedForEncodings = 0;
			knownRegions = (
				en,
				Base,
			);
			mainGroup = 047699CB1C31042800D796B3;
			productRefGroup = 047699D51C31042800D796B3 /* Products */;
			projectDirPath = "";
			projectRoot = "";
			targets = (
				047699D31C31042800D796B3 /* ZLSegmentController */,
				047699EC1C31042800D796B3 /* ZLSegmentControllerTests */,
				047699F71C31042800D796B3 /* ZLSegmentControllerUITests */,
			);
		};
/* End PBXProject section */

/* Begin PBXResourcesBuildPhase section */
		047699D21C31042800D796B3 /* Resources */ = {
			isa = PBXResourcesBuildPhase;
			buildActionMask = 2147483647;
			files = (
				047699E71C31042800D796B3 /* LaunchScreen.storyboard in Resources */,
				047699E41C31042800D796B3 /* Assets.xcassets in Resources */,
				047699E21C31042800D796B3 /* Main.storyboard in Resources */,
			);
			runOnlyForDeploymentPostprocessing = 0;
		};
		047699EB1C31042800D796B3 /* Resources */ = {
			isa = PBXResourcesBuildPhase;
			buildActionMask = 2147483647;
			files = (
			);
			runOnlyForDeploymentPostprocessing = 0;
		};
		047699F61C31042800D796B3 /* Resources */ = {
			isa = PBXResourcesBuildPhase;
			buildActionMask = 2147483647;
			files = (
			);
			runOnlyForDeploymentPostprocessing = 0;
		};
/* End PBXResourcesBuildPhase section */

/* Begin PBXSourcesBuildPhase section */
		047699D01C31042800D796B3 /* Sources */ = {
			isa = PBXSourcesBuildPhase;
			buildActionMask = 2147483647;
			files = (
				047699DF1C31042800D796B3 /* ViewController.m in Sources */,
				047699DC1C31042800D796B3 /* AppDelegate.m in Sources */,
				047699D91C31042800D796B3 /* main.m in Sources */,
				04769A0D1C31048E00D796B3 /* ZLSegment.m in Sources */,
			);
			runOnlyForDeploymentPostprocessing = 0;
		};
		047699E91C31042800D796B3 /* Sources */ = {
			isa = PBXSourcesBuildPhase;
			buildActionMask = 2147483647;
			files = (
				047699F21C31042800D796B3 /* ZLSegmentControllerTests.m in Sources */,
			);
			runOnlyForDeploymentPostprocessing = 0;
		};
		047699F41C31042800D796B3 /* Sources */ = {
			isa = PBXSourcesBuildPhase;
			buildActionMask = 2147483647;
			files = (
				047699FD1C31042800D796B3 /* ZLSegmentControllerUITests.m in Sources */,
			);
			runOnlyForDeploymentPostprocessing = 0;
		};
/* End PBXSourcesBuildPhase section */

/* Begin PBXTargetDependency section */
		047699EF1C31042800D796B3 /* PBXTargetDependency */ = {
			isa = PBXTargetDependency;
			target = 047699D31C31042800D796B3 /* ZLSegmentController */;
			targetProxy = 047699EE1C31042800D796B3 /* PBXContainerItemProxy */;
		};
		047699FA1C31042800D796B3 /* PBXTargetDependency */ = {
			isa = PBXTargetDependency;
			target = 047699D31C31042800D796B3 /* ZLSegmentController */;
			targetProxy = 047699F91C31042800D796B3 /* PBXContainerItemProxy */;
		};
/* End PBXTargetDependency section */

/* Begin PBXVariantGroup section */
		047699E01C31042800D796B3 /* Main.storyboard */ = {
			isa = PBXVariantGroup;
			children = (
				047699E11C31042800D796B3 /* Base */,
			);
			name = Main.storyboard;
			sourceTree = "<group>";
		};
		047699E51C31042800D796B3 /* LaunchScreen.storyboard */ = {
			isa = PBXVariantGroup;
			children = (
				047699E61C31042800D796B3 /* Base */,
			);
			name = LaunchScreen.storyboard;
			sourceTree = "<group>";
		};
/* End PBXVariantGroup section */

/* Begin XCBuildConfiguration section */
		047699FF1C31042800D796B3 /* Debug */ = {
			isa = XCBuildConfiguration;
			buildSettings = {
				ALWAYS_SEARCH_USER_PATHS = NO;
				CLANG_CXX_LANGUAGE_STANDARD = "gnu++0x";
				CLANG_CXX_LIBRARY = "libc++";
				CLANG_ENABLE_MODULES = YES;
				CLANG_ENABLE_OBJC_ARC = YES;
				CLANG_WARN_BOOL_CONVERSION = YES;
				CLANG_WARN_CONSTANT_CONVERSION = YES;
				CLANG_WARN_DIRECT_OBJC_ISA_USAGE = YES_ERROR;
				CLANG_WARN_EMPTY_BODY = YES;
				CLANG_WARN_ENUM_CONVERSION = YES;
				CLANG_WARN_INT_CONVERSION = YES;
				CLANG_WARN_OBJC_ROOT_CLASS = YES_ERROR;
				CLANG_WARN_UNREACHABLE_CODE = YES;
				CLANG_WARN__DUPLICATE_METHOD_MATCH = YES;
				"CODE_SIGN_IDENTITY[sdk=iphoneos*]" = "iPhone Developer";
				COPY_PHASE_STRIP = NO;
				DEBUG_INFORMATION_FORMAT = dwarf;
				ENABLE_STRICT_OBJC_MSGSEND = YES;
				ENABLE_TESTABILITY = YES;
				GCC_C_LANGUAGE_STANDARD = gnu99;
				GCC_DYNAMIC_NO_PIC = NO;
				GCC_NO_COMMON_BLOCKS = YES;
				GCC_OPTIMIZATION_LEVEL = 0;
				GCC_PREPROCESSOR_DEFINITIONS = (
					"DEBUG=1",
					"$(inherited)",
				);
				GCC_WARN_64_TO_32_BIT_CONVERSION = YES;
				GCC_WARN_ABOUT_RETURN_TYPE = YES_ERROR;
				GCC_WARN_UNDECLARED_SELECTOR = YES;
				GCC_WARN_UNINITIALIZED_AUTOS = YES_AGGRESSIVE;
				GCC_WARN_UNUSED_FUNCTION = YES;
				GCC_WARN_UNUSED_VARIABLE = YES;
				IPHONEOS_DEPLOYMENT_TARGET = 9.2;
				MTL_ENABLE_DEBUG_INFO = YES;
				ONLY_ACTIVE_ARCH = YES;
				SDKROOT = iphoneos;
			};
			name = Debug;
		};
		04769A001C31042800D796B3 /* Release */ = {
			isa = XCBuildConfiguration;
			buildSettings = {
				ALWAYS_SEARCH_USER_PATHS = NO;
				CLANG_CXX_LANGUAGE_STANDARD = "gnu++0x";
				CLANG_CXX_LIBRARY = "libc++";
				CLANG_ENABLE_MODULES = YES;
				CLANG_ENABLE_OBJC_ARC = YES;
				CLANG_WARN_BOOL_CONVERSION = YES;
				CLANG_WARN_CONSTANT_CONVERSION = YES;
				CLANG_WARN_DIRECT_OBJC_ISA_USAGE = YES_ERROR;
				CLANG_WARN_EMPTY_BODY = YES;
				CLANG_WARN_ENUM_CONVERSION = YES;
				CLANG_WARN_INT_CONVERSION = YES;
				CLANG_WARN_OBJC_ROOT_CLASS = YES_ERROR;
				CLANG_WARN_UNREACHABLE_CODE = YES;
				CLANG_WARN__DUPLICATE_METHOD_MATCH = YES;
				"CODE_SIGN_IDENTITY[sdk=iphoneos*]" = "iPhone Developer";
				COPY_PHASE_STRIP = NO;
				DEBUG_INFORMATION_FORMAT = "dwarf-with-dsym";
				ENABLE_NS_ASSERTIONS = NO;
				ENABLE_STRICT_OBJC_MSGSEND = YES;
				GCC_C_LANGUAGE_STANDARD = gnu99;
				GCC_NO_COMMON_BLOCKS = YES;
				GCC_WARN_64_TO_32_BIT_CONVERSION = YES;
				GCC_WARN_ABOUT_RETURN_TYPE = YES_ERROR;
				GCC_WARN_UNDECLARED_SELECTOR = YES;
				GCC_WARN_UNINITIALIZED_AUTOS = YES_AGGRESSIVE;
				GCC_WARN_UNUSED_FUNCTION = YES;
				GCC_WARN_UNUSED_VARIABLE = YES;
				IPHONEOS_DEPLOYMENT_TARGET = 9.2;
				MTL_ENABLE_DEBUG_INFO = NO;
				SDKROOT = iphoneos;
				VALIDATE_PRODUCT = YES;
			};
			name = Release;
		};
		04769A021C31042800D796B3 /* Debug */ = {
			isa = XCBuildConfiguration;
			buildSettings = {
				ASSETCATALOG_COMPILER_APPICON_NAME = AppIcon;
				INFOPLIST_FILE = ZLSegmentController/Info.plist;
				LD_RUNPATH_SEARCH_PATHS = "$(inherited) @executable_path/Frameworks";
				PRODUCT_BUNDLE_IDENTIFIER = zhanglei.ZLSegmentController;
				PRODUCT_NAME = "$(TARGET_NAME)";
			};
			name = Debug;
		};
		04769A031C31042800D796B3 /* Release */ = {
			isa = XCBuildConfiguration;
			buildSettings = {
				ASSETCATALOG_COMPILER_APPICON_NAME = AppIcon;
				INFOPLIST_FILE = ZLSegmentController/Info.plist;
				LD_RUNPATH_SEARCH_PATHS = "$(inherited) @executable_path/Frameworks";
				PRODUCT_BUNDLE_IDENTIFIER = zhanglei.ZLSegmentController;
				PRODUCT_NAME = "$(TARGET_NAME)";
			};
			name = Release;
		};
		04769A051C31042800D796B3 /* Debug */ = {
			isa = XCBuildConfiguration;
			buildSettings = {
				BUNDLE_LOADER = "$(TEST_HOST)";
				INFOPLIST_FILE = ZLSegmentControllerTests/Info.plist;
				LD_RUNPATH_SEARCH_PATHS = "$(inherited) @executable_path/Frameworks @loader_path/Frameworks";
				PRODUCT_BUNDLE_IDENTIFIER = zhanglei.ZLSegmentControllerTests;
				PRODUCT_NAME = "$(TARGET_NAME)";
				TEST_HOST = "$(BUILT_PRODUCTS_DIR)/ZLSegmentController.app/ZLSegmentController";
			};
			name = Debug;
		};
		04769A061C31042800D796B3 /* Release */ = {
			isa = XCBuildConfiguration;
			buildSettings = {
				BUNDLE_LOADER = "$(TEST_HOST)";
				INFOPLIST_FILE = ZLSegmentControllerTests/Info.plist;
				LD_RUNPATH_SEARCH_PATHS = "$(inherited) @executable_path/Frameworks @loader_path/Frameworks";
				PRODUCT_BUNDLE_IDENTIFIER = zhanglei.ZLSegmentControllerTests;
				PRODUCT_NAME = "$(TARGET_NAME)";
				TEST_HOST = "$(BUILT_PRODUCTS_DIR)/ZLSegmentController.app/ZLSegmentController";
			};
			name = Release;
		};
		04769A081C31042800D796B3 /* Debug */ = {
			isa = XCBuildConfiguration;
			buildSettings = {
				INFOPLIST_FILE = ZLSegmentControllerUITests/Info.plist;
				LD_RUNPATH_SEARCH_PATHS = "$(inherited) @executable_path/Frameworks @loader_path/Frameworks";
				PRODUCT_BUNDLE_IDENTIFIER = zhanglei.ZLSegmentControllerUITests;
				PRODUCT_NAME = "$(TARGET_NAME)";
				TEST_TARGET_NAME = ZLSegmentController;
				USES_XCTRUNNER = YES;
			};
			name = Debug;
		};
		04769A091C31042800D796B3 /* Release */ = {
			isa = XCBuildConfiguration;
			buildSettings = {
				INFOPLIST_FILE = ZLSegmentControllerUITests/Info.plist;
				LD_RUNPATH_SEARCH_PATHS = "$(inherited) @executable_path/Frameworks @loader_path/Frameworks";
				PRODUCT_BUNDLE_IDENTIFIER = zhanglei.ZLSegmentControllerUITests;
				PRODUCT_NAME = "$(TARGET_NAME)";
				TEST_TARGET_NAME = ZLSegmentController;
				USES_XCTRUNNER = YES;
			};
			name = Release;
		};
/* End XCBuildConfiguration section */

/* Begin XCConfigurationList section */
		047699CF1C31042800D796B3 /* Build configuration list for PBXProject "ZLSegmentController" */ = {
			isa = XCConfigurationList;
			buildConfigurations = (
				047699FF1C31042800D796B3 /* Debug */,
				04769A001C31042800D796B3 /* Release */,
			);
			defaultConfigurationIsVisible = 0;
			defaultConfigurationName = Release;
		};
		04769A011C31042800D796B3 /* Build configuration list for PBXNativeTarget "ZLSegmentController" */ = {
			isa = XCConfigurationList;
			buildConfigurations = (
				04769A021C31042800D796B3 /* Debug */,
				04769A031C31042800D796B3 /* Release */,
			);
			defaultConfigurationIsVisible = 0;
		};
		04769A041C31042800D796B3 /* Build configuration list for PBXNativeTarget "ZLSegmentControllerTests" */ = {
			isa = XCConfigurationList;
			buildConfigurations = (
				04769A051C31042800D796B3 /* Debug */,
				04769A061C31042800D796B3 /* Release */,
			);
			defaultConfigurationIsVisible = 0;
		};
		04769A071C31042800D796B3 /* Build configuration list for PBXNativeTarget "ZLSegmentControllerUITests" */ = {
			isa = XCConfigurationList;
			buildConfigurations = (
				04769A081C31042800D796B3 /* Debug */,
				04769A091C31042800D796B3 /* Release */,
			);
			defaultConfigurationIsVisible = 0;
		};
/* End XCConfigurationList section */
	};
	rootObject = 047699CC1C31042800D796B3 /* Project object */;
}
